// !$*UTF8*$!
{
	archiveVersion = 1;
	classes = {
	};
	objectVersion = 51;
	objects = {

/* Begin PBXBuildFile section */
		00FDF2E5744260FB031A5FFC /* Pods_MobileDataRecorder.framework in Frameworks */ = {isa = PBXBuildFile; fileRef = F8B4EA0DCA3C987E2431E4C2 /* Pods_MobileDataRecorder.framework */; };
		0A256C0E24ED17D20021CB79 /* ConsumedDataStoreModel.swift in Sources */ = {isa = PBXBuildFile; fileRef = 0A256C0B24ED17D20021CB79 /* ConsumedDataStoreModel.swift */; };
		0A256C0F24ED17D20021CB79 /* DatabaseManager.swift in Sources */ = {isa = PBXBuildFile; fileRef = 0A256C0C24ED17D20021CB79 /* DatabaseManager.swift */; };
		0A256C1024ED17D20021CB79 /* DatabaseManagerService.swift in Sources */ = {isa = PBXBuildFile; fileRef = 0A256C0D24ED17D20021CB79 /* DatabaseManagerService.swift */; };
		0A256C1324ED1B6E0021CB79 /* UIViewcontroller.swift in Sources */ = {isa = PBXBuildFile; fileRef = 0A256C1224ED1B6E0021CB79 /* UIViewcontroller.swift */; };
		0A256C1524ED1CA90021CB79 /* UIView.swift in Sources */ = {isa = PBXBuildFile; fileRef = 0A256C1424ED1CA90021CB79 /* UIView.swift */; };
		0A475DB924EC706900FED812 /* MobileDataUsageListTableViewController.swift in Sources */ = {isa = PBXBuildFile; fileRef = 0A475DB824EC706800FED812 /* MobileDataUsageListTableViewController.swift */; };
		0A475DC124EC731600FED812 /* MobileDataHeaderView.xib in Resources */ = {isa = PBXBuildFile; fileRef = 0A475DBD24EC731600FED812 /* MobileDataHeaderView.xib */; };
		0A475DC224EC731600FED812 /* MobileDataTableViewCell.xib in Resources */ = {isa = PBXBuildFile; fileRef = 0A475DBE24EC731600FED812 /* MobileDataTableViewCell.xib */; };
		0A475DC324EC731600FED812 /* MobileDataHeaderView.swift in Sources */ = {isa = PBXBuildFile; fileRef = 0A475DBF24EC731600FED812 /* MobileDataHeaderView.swift */; };
		0A475DC424EC731600FED812 /* MobileDataTableViewCell.swift in Sources */ = {isa = PBXBuildFile; fileRef = 0A475DC024EC731600FED812 /* MobileDataTableViewCell.swift */; };
		0A475DC724EC73FB00FED812 /* MobileDataListViewModel.swift in Sources */ = {isa = PBXBuildFile; fileRef = 0A475DC624EC73FB00FED812 /* MobileDataListViewModel.swift */; };
		0A7DF34D24EC472D00680E45 /* AppDelegate.swift in Sources */ = {isa = PBXBuildFile; fileRef = 0A7DF34C24EC472D00680E45 /* AppDelegate.swift */; };
		0A7DF35424EC472D00680E45 /* Main.storyboard in Resources */ = {isa = PBXBuildFile; fileRef = 0A7DF35224EC472D00680E45 /* Main.storyboard */; };
		0A7DF35624EC473100680E45 /* Assets.xcassets in Resources */ = {isa = PBXBuildFile; fileRef = 0A7DF35524EC473100680E45 /* Assets.xcassets */; };
		0A7DF35924EC473100680E45 /* LaunchScreen.storyboard in Resources */ = {isa = PBXBuildFile; fileRef = 0A7DF35724EC473100680E45 /* LaunchScreen.storyboard */; };
		0A7DF36424EC473100680E45 /* MobileDataRecorderTests.swift in Sources */ = {isa = PBXBuildFile; fileRef = 0A7DF36324EC473100680E45 /* MobileDataRecorderTests.swift */; };
		0A7DF36F24EC473100680E45 /* MobileDataRecorderUITests.swift in Sources */ = {isa = PBXBuildFile; fileRef = 0A7DF36E24EC473100680E45 /* MobileDataRecorderUITests.swift */; };
		0AB5836924ECEF47000747F0 /* Response.swift in Sources */ = {isa = PBXBuildFile; fileRef = 0AB5836824ECEF47000747F0 /* Response.swift */; };
		0AB5836C24ECF255000747F0 /* MobileDataFactory.swift in Sources */ = {isa = PBXBuildFile; fileRef = 0AB5836B24ECF255000747F0 /* MobileDataFactory.swift */; };
		0AB5837124ECF307000747F0 /* NetworkManagerService.swift in Sources */ = {isa = PBXBuildFile; fileRef = 0AB5836F24ECF307000747F0 /* NetworkManagerService.swift */; };
		0AB5837224ECF307000747F0 /* NetworkManager.swift in Sources */ = {isa = PBXBuildFile; fileRef = 0AB5837024ECF307000747F0 /* NetworkManager.swift */; };
		0AB5837524ECF350000747F0 /* APIError.swift in Sources */ = {isa = PBXBuildFile; fileRef = 0AB5837424ECF350000747F0 /* APIError.swift */; };
		0AB5837824ECF3AE000747F0 /* MobileDataConstant.swift in Sources */ = {isa = PBXBuildFile; fileRef = 0AB5837724ECF3AE000747F0 /* MobileDataConstant.swift */; };
		691BC3222E086BE35833086C /* Pods_MobileDataRecorderTests.framework in Frameworks */ = {isa = PBXBuildFile; fileRef = 13CBA48F7981829BC69A6711 /* Pods_MobileDataRecorderTests.framework */; };
		9672D509ADAD0D9E4F646238 /* Pods_MobileDataRecorder_MobileDataRecorderUITests.framework in Frameworks */ = {isa = PBXBuildFile; fileRef = AD2CEFB5C4B8C20695F3C0A7 /* Pods_MobileDataRecorder_MobileDataRecorderUITests.framework */; };
/* End PBXBuildFile section */

/* Begin PBXContainerItemProxy section */
		0A7DF36024EC473100680E45 /* PBXContainerItemProxy */ = {
			isa = PBXContainerItemProxy;
			containerPortal = 0A7DF34124EC472D00680E45 /* Project object */;
			proxyType = 1;
			remoteGlobalIDString = 0A7DF34824EC472D00680E45;
			remoteInfo = MobileDataRecorder;
		};
		0A7DF36B24EC473100680E45 /* PBXContainerItemProxy */ = {
			isa = PBXContainerItemProxy;
			containerPortal = 0A7DF34124EC472D00680E45 /* Project object */;
			proxyType = 1;
			remoteGlobalIDString = 0A7DF34824EC472D00680E45;
			remoteInfo = MobileDataRecorder;
		};
/* End PBXContainerItemProxy section */

/* Begin PBXFileReference section */
		0272BED64D9F3BE4A94DC53E /* Pods-MobileDataRecorder.debug.xcconfig */ = {isa = PBXFileReference; includeInIndex = 1; lastKnownFileType = text.xcconfig; name = "Pods-MobileDataRecorder.debug.xcconfig"; path = "Target Support Files/Pods-MobileDataRecorder/Pods-MobileDataRecorder.debug.xcconfig"; sourceTree = "<group>"; };
		0A256C0B24ED17D20021CB79 /* ConsumedDataStoreModel.swift */ = {isa = PBXFileReference; fileEncoding = 4; lastKnownFileType = sourcecode.swift; path = ConsumedDataStoreModel.swift; sourceTree = "<group>"; };
		0A256C0C24ED17D20021CB79 /* DatabaseManager.swift */ = {isa = PBXFileReference; fileEncoding = 4; lastKnownFileType = sourcecode.swift; path = DatabaseManager.swift; sourceTree = "<group>"; };
		0A256C0D24ED17D20021CB79 /* DatabaseManagerService.swift */ = {isa = PBXFileReference; fileEncoding = 4; lastKnownFileType = sourcecode.swift; path = DatabaseManagerService.swift; sourceTree = "<group>"; };
		0A256C1224ED1B6E0021CB79 /* UIViewcontroller.swift */ = {isa = PBXFileReference; lastKnownFileType = sourcecode.swift; path = UIViewcontroller.swift; sourceTree = "<group>"; };
		0A256C1424ED1CA90021CB79 /* UIView.swift */ = {isa = PBXFileReference; lastKnownFileType = sourcecode.swift; path = UIView.swift; sourceTree = "<group>"; };
		0A475DB824EC706800FED812 /* MobileDataUsageListTableViewController.swift */ = {isa = PBXFileReference; lastKnownFileType = sourcecode.swift; path = MobileDataUsageListTableViewController.swift; sourceTree = "<group>"; };
		0A475DBD24EC731600FED812 /* MobileDataHeaderView.xib */ = {isa = PBXFileReference; fileEncoding = 4; lastKnownFileType = file.xib; path = MobileDataHeaderView.xib; sourceTree = "<group>"; };
		0A475DBE24EC731600FED812 /* MobileDataTableViewCell.xib */ = {isa = PBXFileReference; fileEncoding = 4; lastKnownFileType = file.xib; path = MobileDataTableViewCell.xib; sourceTree = "<group>"; };
		0A475DBF24EC731600FED812 /* MobileDataHeaderView.swift */ = {isa = PBXFileReference; fileEncoding = 4; lastKnownFileType = sourcecode.swift; path = MobileDataHeaderView.swift; sourceTree = "<group>"; };
		0A475DC024EC731600FED812 /* MobileDataTableViewCell.swift */ = {isa = PBXFileReference; fileEncoding = 4; lastKnownFileType = sourcecode.swift; path = MobileDataTableViewCell.swift; sourceTree = "<group>"; };
		0A475DC624EC73FB00FED812 /* MobileDataListViewModel.swift */ = {isa = PBXFileReference; lastKnownFileType = sourcecode.swift; path = MobileDataListViewModel.swift; sourceTree = "<group>"; };
		0A7DF34924EC472D00680E45 /* MobileDataRecorder.app */ = {isa = PBXFileReference; explicitFileType = wrapper.application; includeInIndex = 0; path = MobileDataRecorder.app; sourceTree = BUILT_PRODUCTS_DIR; };
		0A7DF34C24EC472D00680E45 /* AppDelegate.swift */ = {isa = PBXFileReference; lastKnownFileType = sourcecode.swift; path = AppDelegate.swift; sourceTree = "<group>"; };
		0A7DF35324EC472D00680E45 /* Base */ = {isa = PBXFileReference; lastKnownFileType = file.storyboard; name = Base; path = Base.lproj/Main.storyboard; sourceTree = "<group>"; };
		0A7DF35524EC473100680E45 /* Assets.xcassets */ = {isa = PBXFileReference; lastKnownFileType = folder.assetcatalog; path = Assets.xcassets; sourceTree = "<group>"; };
		0A7DF35824EC473100680E45 /* Base */ = {isa = PBXFileReference; lastKnownFileType = file.storyboard; name = Base; path = Base.lproj/LaunchScreen.storyboard; sourceTree = "<group>"; };
		0A7DF35A24EC473100680E45 /* Info.plist */ = {isa = PBXFileReference; lastKnownFileType = text.plist.xml; path = Info.plist; sourceTree = "<group>"; };
		0A7DF35F24EC473100680E45 /* MobileDataRecorderTests.xctest */ = {isa = PBXFileReference; explicitFileType = wrapper.cfbundle; includeInIndex = 0; path = MobileDataRecorderTests.xctest; sourceTree = BUILT_PRODUCTS_DIR; };
		0A7DF36324EC473100680E45 /* MobileDataRecorderTests.swift */ = {isa = PBXFileReference; lastKnownFileType = sourcecode.swift; path = MobileDataRecorderTests.swift; sourceTree = "<group>"; };
		0A7DF36524EC473100680E45 /* Info.plist */ = {isa = PBXFileReference; lastKnownFileType = text.plist.xml; path = Info.plist; sourceTree = "<group>"; };
		0A7DF36A24EC473100680E45 /* MobileDataRecorderUITests.xctest */ = {isa = PBXFileReference; explicitFileType = wrapper.cfbundle; includeInIndex = 0; path = MobileDataRecorderUITests.xctest; sourceTree = BUILT_PRODUCTS_DIR; };
		0A7DF36E24EC473100680E45 /* MobileDataRecorderUITests.swift */ = {isa = PBXFileReference; lastKnownFileType = sourcecode.swift; path = MobileDataRecorderUITests.swift; sourceTree = "<group>"; };
		0A7DF37024EC473100680E45 /* Info.plist */ = {isa = PBXFileReference; lastKnownFileType = text.plist.xml; path = Info.plist; sourceTree = "<group>"; };
		0AB5836824ECEF47000747F0 /* Response.swift */ = {isa = PBXFileReference; fileEncoding = 4; lastKnownFileType = sourcecode.swift; path = Response.swift; sourceTree = "<group>"; };
		0AB5836B24ECF255000747F0 /* MobileDataFactory.swift */ = {isa = PBXFileReference; fileEncoding = 4; lastKnownFileType = sourcecode.swift; path = MobileDataFactory.swift; sourceTree = "<group>"; };
		0AB5836F24ECF307000747F0 /* NetworkManagerService.swift */ = {isa = PBXFileReference; fileEncoding = 4; lastKnownFileType = sourcecode.swift; path = NetworkManagerService.swift; sourceTree = "<group>"; };
		0AB5837024ECF307000747F0 /* NetworkManager.swift */ = {isa = PBXFileReference; fileEncoding = 4; lastKnownFileType = sourcecode.swift; path = NetworkManager.swift; sourceTree = "<group>"; };
		0AB5837424ECF350000747F0 /* APIError.swift */ = {isa = PBXFileReference; fileEncoding = 4; lastKnownFileType = sourcecode.swift; path = APIError.swift; sourceTree = "<group>"; };
		0AB5837724ECF3AE000747F0 /* MobileDataConstant.swift */ = {isa = PBXFileReference; fileEncoding = 4; lastKnownFileType = sourcecode.swift; path = MobileDataConstant.swift; sourceTree = "<group>"; };
		13CBA48F7981829BC69A6711 /* Pods_MobileDataRecorderTests.framework */ = {isa = PBXFileReference; explicitFileType = wrapper.framework; includeInIndex = 0; path = Pods_MobileDataRecorderTests.framework; sourceTree = BUILT_PRODUCTS_DIR; };
		35D2673CB3F6A93C63CD8E91 /* Pods-MobileDataRecorderTests.release.xcconfig */ = {isa = PBXFileReference; includeInIndex = 1; lastKnownFileType = text.xcconfig; name = "Pods-MobileDataRecorderTests.release.xcconfig"; path = "Target Support Files/Pods-MobileDataRecorderTests/Pods-MobileDataRecorderTests.release.xcconfig"; sourceTree = "<group>"; };
		37668BDDCA02D91DEE5A71EE /* Pods-MobileDataRecorderTests.debug.xcconfig */ = {isa = PBXFileReference; includeInIndex = 1; lastKnownFileType = text.xcconfig; name = "Pods-MobileDataRecorderTests.debug.xcconfig"; path = "Target Support Files/Pods-MobileDataRecorderTests/Pods-MobileDataRecorderTests.debug.xcconfig"; sourceTree = "<group>"; };
		4798CD27F1481846531B03AA /* Pods-MobileDataRecorder-MobileDataRecorderUITests.release.xcconfig */ = {isa = PBXFileReference; includeInIndex = 1; lastKnownFileType = text.xcconfig; name = "Pods-MobileDataRecorder-MobileDataRecorderUITests.release.xcconfig"; path = "Target Support Files/Pods-MobileDataRecorder-MobileDataRecorderUITests/Pods-MobileDataRecorder-MobileDataRecorderUITests.release.xcconfig"; sourceTree = "<group>"; };
		86DC76F807132050909AA4BA /* Pods-MobileDataRecorder-MobileDataRecorderUITests.debug.xcconfig */ = {isa = PBXFileReference; includeInIndex = 1; lastKnownFileType = text.xcconfig; name = "Pods-MobileDataRecorder-MobileDataRecorderUITests.debug.xcconfig"; path = "Target Support Files/Pods-MobileDataRecorder-MobileDataRecorderUITests/Pods-MobileDataRecorder-MobileDataRecorderUITests.debug.xcconfig"; sourceTree = "<group>"; };
		AD2CEFB5C4B8C20695F3C0A7 /* Pods_MobileDataRecorder_MobileDataRecorderUITests.framework */ = {isa = PBXFileReference; explicitFileType = wrapper.framework; includeInIndex = 0; path = Pods_MobileDataRecorder_MobileDataRecorderUITests.framework; sourceTree = BUILT_PRODUCTS_DIR; };
		ADA19CFEB99F15599EF64655 /* Pods-MobileDataRecorder.release.xcconfig */ = {isa = PBXFileReference; includeInIndex = 1; lastKnownFileType = text.xcconfig; name = "Pods-MobileDataRecorder.release.xcconfig"; path = "Target Support Files/Pods-MobileDataRecorder/Pods-MobileDataRecorder.release.xcconfig"; sourceTree = "<group>"; };
		F8B4EA0DCA3C987E2431E4C2 /* Pods_MobileDataRecorder.framework */ = {isa = PBXFileReference; explicitFileType = wrapper.framework; includeInIndex = 0; path = Pods_MobileDataRecorder.framework; sourceTree = BUILT_PRODUCTS_DIR; };
/* End PBXFileReference section */

/* Begin PBXFrameworksBuildPhase section */
		0A7DF34624EC472D00680E45 /* Frameworks */ = {
			isa = PBXFrameworksBuildPhase;
			buildActionMask = 2147483647;
			files = (
				00FDF2E5744260FB031A5FFC /* Pods_MobileDataRecorder.framework in Frameworks */,
			);
			runOnlyForDeploymentPostprocessing = 0;
		};
		0A7DF35C24EC473100680E45 /* Frameworks */ = {
			isa = PBXFrameworksBuildPhase;
			buildActionMask = 2147483647;
			files = (
				691BC3222E086BE35833086C /* Pods_MobileDataRecorderTests.framework in Frameworks */,
			);
			runOnlyForDeploymentPostprocessing = 0;
		};
		0A7DF36724EC473100680E45 /* Frameworks */ = {
			isa = PBXFrameworksBuildPhase;
			buildActionMask = 2147483647;
			files = (
				9672D509ADAD0D9E4F646238 /* Pods_MobileDataRecorder_MobileDataRecorderUITests.framework in Frameworks */,
			);
			runOnlyForDeploymentPostprocessing = 0;
		};
/* End PBXFrameworksBuildPhase section */

/* Begin PBXGroup section */
		0A256C0A24ED17A70021CB79 /* Database */ = {
			isa = PBXGroup;
			children = (
				0A256C0B24ED17D20021CB79 /* ConsumedDataStoreModel.swift */,
				0A256C0C24ED17D20021CB79 /* DatabaseManager.swift */,
				0A256C0D24ED17D20021CB79 /* DatabaseManagerService.swift */,
			);
			path = Database;
			sourceTree = "<group>";
		};
		0A256C1124ED199A0021CB79 /* Extension */ = {
			isa = PBXGroup;
			children = (
				0A256C1224ED1B6E0021CB79 /* UIViewcontroller.swift */,
				0A256C1424ED1CA90021CB79 /* UIView.swift */,
			);
			path = Extension;
			sourceTree = "<group>";
		};
		0A475DB424EC6EFD00FED812 /* Modules */ = {
			isa = PBXGroup;
			children = (
				0A256C1124ED199A0021CB79 /* Extension */,
				0A256C0A24ED17A70021CB79 /* Database */,
				0AB5836D24ECF27F000747F0 /* Networking */,
				0AB5836A24ECF1EF000747F0 /* FactoryMethod */,
				0AB5836724ECEF2F000747F0 /* Model */,
				0A475DBA24EC721300FED812 /* Commonkit */,
				0A475DB724EC6FC200FED812 /* Storyboard */,
				0A475DB524EC6F6C00FED812 /* MobileDataRecord */,
			);
			path = Modules;
			sourceTree = "<group>";
		};
		0A475DB524EC6F6C00FED812 /* MobileDataRecord */ = {
			isa = PBXGroup;
			children = (
				0A475DC524EC73D800FED812 /* ViewModel */,
				0A475DBC24EC72EB00FED812 /* Customview */,
				0A475DB624EC6F8400FED812 /* MobileDataUsageList */,
			);
			path = MobileDataRecord;
			sourceTree = "<group>";
		};
		0A475DB624EC6F8400FED812 /* MobileDataUsageList */ = {
			isa = PBXGroup;
			children = (
				0A475DB824EC706800FED812 /* MobileDataUsageListTableViewController.swift */,
			);
			path = MobileDataUsageList;
			sourceTree = "<group>";
		};
		0A475DB724EC6FC200FED812 /* Storyboard */ = {
			isa = PBXGroup;
			children = (
				0A7DF35724EC473100680E45 /* LaunchScreen.storyboard */,
				0A7DF35224EC472D00680E45 /* Main.storyboard */,
			);
			path = Storyboard;
			sourceTree = "<group>";
		};
		0A475DBA24EC721300FED812 /* Commonkit */ = {
			isa = PBXGroup;
			children = (
				0AB5837624ECF392000747F0 /* MobileDataConstant */,
				0A475DBB24EC723100FED812 /* ApplicationKit */,
			);
			path = Commonkit;
			sourceTree = "<group>";
		};
		0A475DBB24EC723100FED812 /* ApplicationKit */ = {
			isa = PBXGroup;
			children = (
				0A7DF34C24EC472D00680E45 /* AppDelegate.swift */,
			);
			path = ApplicationKit;
			sourceTree = "<group>";
		};
		0A475DBC24EC72EB00FED812 /* Customview */ = {
			isa = PBXGroup;
			children = (
				0A475DBF24EC731600FED812 /* MobileDataHeaderView.swift */,
				0A475DBD24EC731600FED812 /* MobileDataHeaderView.xib */,
				0A475DC024EC731600FED812 /* MobileDataTableViewCell.swift */,
				0A475DBE24EC731600FED812 /* MobileDataTableViewCell.xib */,
			);
			path = Customview;
			sourceTree = "<group>";
		};
		0A475DC524EC73D800FED812 /* ViewModel */ = {
			isa = PBXGroup;
			children = (
				0A475DC624EC73FB00FED812 /* MobileDataListViewModel.swift */,
			);
			path = ViewModel;
			sourceTree = "<group>";
		};
		0A7DF34024EC472D00680E45 = {
			isa = PBXGroup;
			children = (
				0A7DF34B24EC472D00680E45 /* MobileDataRecorder */,
				0A7DF36224EC473100680E45 /* MobileDataRecorderTests */,
				0A7DF36D24EC473100680E45 /* MobileDataRecorderUITests */,
				0A7DF34A24EC472D00680E45 /* Products */,
				456A551A8402431797D79315 /* Pods */,
				4F70D5ECB78784A6A3F80EA3 /* Frameworks */,
			);
			sourceTree = "<group>";
		};
		0A7DF34A24EC472D00680E45 /* Products */ = {
			isa = PBXGroup;
			children = (
				0A7DF34924EC472D00680E45 /* MobileDataRecorder.app */,
				0A7DF35F24EC473100680E45 /* MobileDataRecorderTests.xctest */,
				0A7DF36A24EC473100680E45 /* MobileDataRecorderUITests.xctest */,
			);
			name = Products;
			sourceTree = "<group>";
		};
		0A7DF34B24EC472D00680E45 /* MobileDataRecorder */ = {
			isa = PBXGroup;
			children = (
				0A475DB424EC6EFD00FED812 /* Modules */,
				0A7DF35524EC473100680E45 /* Assets.xcassets */,
				0A7DF35A24EC473100680E45 /* Info.plist */,
			);
			path = MobileDataRecorder;
			sourceTree = "<group>";
		};
		0A7DF36224EC473100680E45 /* MobileDataRecorderTests */ = {
			isa = PBXGroup;
			children = (
				0A7DF36324EC473100680E45 /* MobileDataRecorderTests.swift */,
				0A7DF36524EC473100680E45 /* Info.plist */,
			);
			path = MobileDataRecorderTests;
			sourceTree = "<group>";
		};
		0A7DF36D24EC473100680E45 /* MobileDataRecorderUITests */ = {
			isa = PBXGroup;
			children = (
				0A7DF36E24EC473100680E45 /* MobileDataRecorderUITests.swift */,
				0A7DF37024EC473100680E45 /* Info.plist */,
			);
			path = MobileDataRecorderUITests;
			sourceTree = "<group>";
		};
		0AB5836724ECEF2F000747F0 /* Model */ = {
			isa = PBXGroup;
			children = (
				0AB5836824ECEF47000747F0 /* Response.swift */,
			);
			path = Model;
			sourceTree = "<group>";
		};
		0AB5836A24ECF1EF000747F0 /* FactoryMethod */ = {
			isa = PBXGroup;
			children = (
				0AB5836B24ECF255000747F0 /* MobileDataFactory.swift */,
			);
			path = FactoryMethod;
			sourceTree = "<group>";
		};
		0AB5836D24ECF27F000747F0 /* Networking */ = {
			isa = PBXGroup;
			children = (
				0AB5837324ECF31E000747F0 /* ErrorModule */,
				0AB5836E24ECF2DB000747F0 /* NetworkManager */,
			);
			path = Networking;
			sourceTree = "<group>";
		};
		0AB5836E24ECF2DB000747F0 /* NetworkManager */ = {
			isa = PBXGroup;
			children = (
				0AB5837024ECF307000747F0 /* NetworkManager.swift */,
				0AB5836F24ECF307000747F0 /* NetworkManagerService.swift */,
			);
			path = NetworkManager;
			sourceTree = "<group>";
		};
		0AB5837324ECF31E000747F0 /* ErrorModule */ = {
			isa = PBXGroup;
			children = (
				0AB5837424ECF350000747F0 /* APIError.swift */,
			);
			path = ErrorModule;
			sourceTree = "<group>";
		};
		0AB5837624ECF392000747F0 /* MobileDataConstant */ = {
			isa = PBXGroup;
			children = (
				0AB5837724ECF3AE000747F0 /* MobileDataConstant.swift */,
			);
			path = MobileDataConstant;
			sourceTree = "<group>";
		};
		456A551A8402431797D79315 /* Pods */ = {
			isa = PBXGroup;
			children = (
				0272BED64D9F3BE4A94DC53E /* Pods-MobileDataRecorder.debug.xcconfig */,
				ADA19CFEB99F15599EF64655 /* Pods-MobileDataRecorder.release.xcconfig */,
				86DC76F807132050909AA4BA /* Pods-MobileDataRecorder-MobileDataRecorderUITests.debug.xcconfig */,
				4798CD27F1481846531B03AA /* Pods-MobileDataRecorder-MobileDataRecorderUITests.release.xcconfig */,
				37668BDDCA02D91DEE5A71EE /* Pods-MobileDataRecorderTests.debug.xcconfig */,
				35D2673CB3F6A93C63CD8E91 /* Pods-MobileDataRecorderTests.release.xcconfig */,
			);
			path = Pods;
			sourceTree = "<group>";
		};
		4F70D5ECB78784A6A3F80EA3 /* Frameworks */ = {
			isa = PBXGroup;
			children = (
				F8B4EA0DCA3C987E2431E4C2 /* Pods_MobileDataRecorder.framework */,
				AD2CEFB5C4B8C20695F3C0A7 /* Pods_MobileDataRecorder_MobileDataRecorderUITests.framework */,
				13CBA48F7981829BC69A6711 /* Pods_MobileDataRecorderTests.framework */,
			);
			name = Frameworks;
			sourceTree = "<group>";
		};
/* End PBXGroup section */

/* Begin PBXNativeTarget section */
		0A7DF34824EC472D00680E45 /* MobileDataRecorder */ = {
			isa = PBXNativeTarget;
			buildConfigurationList = 0A7DF37324EC473100680E45 /* Build configuration list for PBXNativeTarget "MobileDataRecorder" */;
			buildPhases = (
				FCB4497572E68E1B1AFB9DC8 /* [CP] Check Pods Manifest.lock */,
				0A7DF34524EC472D00680E45 /* Sources */,
				0A7DF34624EC472D00680E45 /* Frameworks */,
				0A7DF34724EC472D00680E45 /* Resources */,
				827A0268267DFD7BCBBF469C /* [CP] Embed Pods Frameworks */,
			);
			buildRules = (
			);
			dependencies = (
			);
			name = MobileDataRecorder;
			productName = MobileDataRecorder;
			productReference = 0A7DF34924EC472D00680E45 /* MobileDataRecorder.app */;
			productType = "com.apple.product-type.application";
		};
		0A7DF35E24EC473100680E45 /* MobileDataRecorderTests */ = {
			isa = PBXNativeTarget;
			buildConfigurationList = 0A7DF37624EC473100680E45 /* Build configuration list for PBXNativeTarget "MobileDataRecorderTests" */;
			buildPhases = (
				44DDB24A8A39B329BBA4D19C /* [CP] Check Pods Manifest.lock */,
				0A7DF35B24EC473100680E45 /* Sources */,
				0A7DF35C24EC473100680E45 /* Frameworks */,
				0A7DF35D24EC473100680E45 /* Resources */,
			);
			buildRules = (
			);
			dependencies = (
				0A7DF36124EC473100680E45 /* PBXTargetDependency */,
			);
			name = MobileDataRecorderTests;
			productName = MobileDataRecorderTests;
			productReference = 0A7DF35F24EC473100680E45 /* MobileDataRecorderTests.xctest */;
			productType = "com.apple.product-type.bundle.unit-test";
		};
		0A7DF36924EC473100680E45 /* MobileDataRecorderUITests */ = {
			isa = PBXNativeTarget;
			buildConfigurationList = 0A7DF37924EC473100680E45 /* Build configuration list for PBXNativeTarget "MobileDataRecorderUITests" */;
			buildPhases = (
				D64D856FBDD64332E3FB9A49 /* [CP] Check Pods Manifest.lock */,
				0A7DF36624EC473100680E45 /* Sources */,
				0A7DF36724EC473100680E45 /* Frameworks */,
				0A7DF36824EC473100680E45 /* Resources */,
				40CF4DE95B4C5812CC8F85CE /* [CP] Embed Pods Frameworks */,
			);
			buildRules = (
			);
			dependencies = (
				0A7DF36C24EC473100680E45 /* PBXTargetDependency */,
			);
			name = MobileDataRecorderUITests;
			productName = MobileDataRecorderUITests;
			productReference = 0A7DF36A24EC473100680E45 /* MobileDataRecorderUITests.xctest */;
			productType = "com.apple.product-type.bundle.ui-testing";
		};
/* End PBXNativeTarget section */

/* Begin PBXProject section */
		0A7DF34124EC472D00680E45 /* Project object */ = {
			isa = PBXProject;
			attributes = {
				LastSwiftUpdateCheck = 1130;
				LastUpgradeCheck = 1130;
				ORGANIZATIONNAME = "Perennial systems";
				TargetAttributes = {
					0A7DF34824EC472D00680E45 = {
						CreatedOnToolsVersion = 11.3;
					};
					0A7DF35E24EC473100680E45 = {
						CreatedOnToolsVersion = 11.3;
						TestTargetID = 0A7DF34824EC472D00680E45;
					};
					0A7DF36924EC473100680E45 = {
						CreatedOnToolsVersion = 11.3;
						TestTargetID = 0A7DF34824EC472D00680E45;
					};
				};
			};
			buildConfigurationList = 0A7DF34424EC472D00680E45 /* Build configuration list for PBXProject "MobileDataRecorder" */;
			compatibilityVersion = "Xcode 9.3";
			developmentRegion = en;
			hasScannedForEncodings = 0;
			knownRegions = (
				en,
				Base,
			);
			mainGroup = 0A7DF34024EC472D00680E45;
			productRefGroup = 0A7DF34A24EC472D00680E45 /* Products */;
			projectDirPath = "";
			projectRoot = "";
			targets = (
				0A7DF34824EC472D00680E45 /* MobileDataRecorder */,
				0A7DF35E24EC473100680E45 /* MobileDataRecorderTests */,
				0A7DF36924EC473100680E45 /* MobileDataRecorderUITests */,
			);
		};
/* End PBXProject section */

/* Begin PBXResourcesBuildPhase section */
		0A7DF34724EC472D00680E45 /* Resources */ = {
			isa = PBXResourcesBuildPhase;
			buildActionMask = 2147483647;
			files = (
				0A7DF35924EC473100680E45 /* LaunchScreen.storyboard in Resources */,
				0A7DF35624EC473100680E45 /* Assets.xcassets in Resources */,
				0A475DC224EC731600FED812 /* MobileDataTableViewCell.xib in Resources */,
				0A7DF35424EC472D00680E45 /* Main.storyboard in Resources */,
				0A475DC124EC731600FED812 /* MobileDataHeaderView.xib in Resources */,
			);
			runOnlyForDeploymentPostprocessing = 0;
		};
		0A7DF35D24EC473100680E45 /* Resources */ = {
			isa = PBXResourcesBuildPhase;
			buildActionMask = 2147483647;
			files = (
			);
			runOnlyForDeploymentPostprocessing = 0;
		};
		0A7DF36824EC473100680E45 /* Resources */ = {
			isa = PBXResourcesBuildPhase;
			buildActionMask = 2147483647;
			files = (
			);
			runOnlyForDeploymentPostprocessing = 0;
		};
/* End PBXResourcesBuildPhase section */

/* Begin PBXShellScriptBuildPhase section */
		40CF4DE95B4C5812CC8F85CE /* [CP] Embed Pods Frameworks */ = {
			isa = PBXShellScriptBuildPhase;
			buildActionMask = 2147483647;
			files = (
			);
			inputFileListPaths = (
				"${PODS_ROOT}/Target Support Files/Pods-MobileDataRecorder-MobileDataRecorderUITests/Pods-MobileDataRecorder-MobileDataRecorderUITests-frameworks-${CONFIGURATION}-input-files.xcfilelist",
			);
			name = "[CP] Embed Pods Frameworks";
			outputFileListPaths = (
				"${PODS_ROOT}/Target Support Files/Pods-MobileDataRecorder-MobileDataRecorderUITests/Pods-MobileDataRecorder-MobileDataRecorderUITests-frameworks-${CONFIGURATION}-output-files.xcfilelist",
			);
			runOnlyForDeploymentPostprocessing = 0;
			shellPath = /bin/sh;
			shellScript = "\"${PODS_ROOT}/Target Support Files/Pods-MobileDataRecorder-MobileDataRecorderUITests/Pods-MobileDataRecorder-MobileDataRecorderUITests-frameworks.sh\"\n";
			showEnvVarsInLog = 0;
		};
		44DDB24A8A39B329BBA4D19C /* [CP] Check Pods Manifest.lock */ = {
			isa = PBXShellScriptBuildPhase;
			buildActionMask = 2147483647;
			files = (
			);
			inputFileListPaths = (
			);
			inputPaths = (
				"${PODS_PODFILE_DIR_PATH}/Podfile.lock",
				"${PODS_ROOT}/Manifest.lock",
			);
			name = "[CP] Check Pods Manifest.lock";
			outputFileListPaths = (
			);
			outputPaths = (
				"$(DERIVED_FILE_DIR)/Pods-MobileDataRecorderTests-checkManifestLockResult.txt",
			);
			runOnlyForDeploymentPostprocessing = 0;
			shellPath = /bin/sh;
			shellScript = "diff \"${PODS_PODFILE_DIR_PATH}/Podfile.lock\" \"${PODS_ROOT}/Manifest.lock\" > /dev/null\nif [ $? != 0 ] ; then\n    # print error to STDERR\n    echo \"error: The sandbox is not in sync with the Podfile.lock. Run 'pod install' or update your CocoaPods installation.\" >&2\n    exit 1\nfi\n# This output is used by Xcode 'outputs' to avoid re-running this script phase.\necho \"SUCCESS\" > \"${SCRIPT_OUTPUT_FILE_0}\"\n";
			showEnvVarsInLog = 0;
		};
		827A0268267DFD7BCBBF469C /* [CP] Embed Pods Frameworks */ = {
			isa = PBXShellScriptBuildPhase;
			buildActionMask = 2147483647;
			files = (
			);
			inputFileListPaths = (
				"${PODS_ROOT}/Target Support Files/Pods-MobileDataRecorder/Pods-MobileDataRecorder-frameworks-${CONFIGURATION}-input-files.xcfilelist",
			);
			name = "[CP] Embed Pods Frameworks";
			outputFileListPaths = (
				"${PODS_ROOT}/Target Support Files/Pods-MobileDataRecorder/Pods-MobileDataRecorder-frameworks-${CONFIGURATION}-output-files.xcfilelist",
			);
			runOnlyForDeploymentPostprocessing = 0;
			shellPath = /bin/sh;
			shellScript = "\"${PODS_ROOT}/Target Support Files/Pods-MobileDataRecorder/Pods-MobileDataRecorder-frameworks.sh\"\n";
			showEnvVarsInLog = 0;
		};
		D64D856FBDD64332E3FB9A49 /* [CP] Check Pods Manifest.lock */ = {
			isa = PBXShellScriptBuildPhase;
			buildActionMask = 2147483647;
			files = (
			);
			inputFileListPaths = (
			);
			inputPaths = (
				"${PODS_PODFILE_DIR_PATH}/Podfile.lock",
				"${PODS_ROOT}/Manifest.lock",
			);
			name = "[CP] Check Pods Manifest.lock";
			outputFileListPaths = (
			);
			outputPaths = (
				"$(DERIVED_FILE_DIR)/Pods-MobileDataRecorder-MobileDataRecorderUITests-checkManifestLockResult.txt",
			);
			runOnlyForDeploymentPostprocessing = 0;
			shellPath = /bin/sh;
			shellScript = "diff \"${PODS_PODFILE_DIR_PATH}/Podfile.lock\" \"${PODS_ROOT}/Manifest.lock\" > /dev/null\nif [ $? != 0 ] ; then\n    # print error to STDERR\n    echo \"error: The sandbox is not in sync with the Podfile.lock. Run 'pod install' or update your CocoaPods installation.\" >&2\n    exit 1\nfi\n# This output is used by Xcode 'outputs' to avoid re-running this script phase.\necho \"SUCCESS\" > \"${SCRIPT_OUTPUT_FILE_0}\"\n";
			showEnvVarsInLog = 0;
		};
		FCB4497572E68E1B1AFB9DC8 /* [CP] Check Pods Manifest.lock */ = {
			isa = PBXShellScriptBuildPhase;
			buildActionMask = 2147483647;
			files = (
			);
			inputFileListPaths = (
			);
			inputPaths = (
				"${PODS_PODFILE_DIR_PATH}/Podfile.lock",
				"${PODS_ROOT}/Manifest.lock",
			);
			name = "[CP] Check Pods Manifest.lock";
			outputFileListPaths = (
			);
			outputPaths = (
				"$(DERIVED_FILE_DIR)/Pods-MobileDataRecorder-checkManifestLockResult.txt",
			);
			runOnlyForDeploymentPostprocessing = 0;
			shellPath = /bin/sh;
			shellScript = "diff \"${PODS_PODFILE_DIR_PATH}/Podfile.lock\" \"${PODS_ROOT}/Manifest.lock\" > /dev/null\nif [ $? != 0 ] ; then\n    # print error to STDERR\n    echo \"error: The sandbox is not in sync with the Podfile.lock. Run 'pod install' or update your CocoaPods installation.\" >&2\n    exit 1\nfi\n# This output is used by Xcode 'outputs' to avoid re-running this script phase.\necho \"SUCCESS\" > \"${SCRIPT_OUTPUT_FILE_0}\"\n";
			showEnvVarsInLog = 0;
		};
/* End PBXShellScriptBuildPhase section */

/* Begin PBXSourcesBuildPhase section */
		0A7DF34524EC472D00680E45 /* Sources */ = {
			isa = PBXSourcesBuildPhase;
			buildActionMask = 2147483647;
			files = (
				0A256C1524ED1CA90021CB79 /* UIView.swift in Sources */,
				0AB5837824ECF3AE000747F0 /* MobileDataConstant.swift in Sources */,
				0A256C0E24ED17D20021CB79 /* ConsumedDataStoreModel.swift in Sources */,
				0A256C1024ED17D20021CB79 /* DatabaseManagerService.swift in Sources */,
				0A256C0F24ED17D20021CB79 /* DatabaseManager.swift in Sources */,
				0AB5837224ECF307000747F0 /* NetworkManager.swift in Sources */,
				0A7DF34D24EC472D00680E45 /* AppDelegate.swift in Sources */,
				0A475DC424EC731600FED812 /* MobileDataTableViewCell.swift in Sources */,
				0AB5837524ECF350000747F0 /* APIError.swift in Sources */,
				0A475DC324EC731600FED812 /* MobileDataHeaderView.swift in Sources */,
				0AB5836C24ECF255000747F0 /* MobileDataFactory.swift in Sources */,
				0AB5837124ECF307000747F0 /* NetworkManagerService.swift in Sources */,
				0A256C1324ED1B6E0021CB79 /* UIViewcontroller.swift in Sources */,
				0A475DB924EC706900FED812 /* MobileDataUsageListTableViewController.swift in Sources */,
				0AB5836924ECEF47000747F0 /* Response.swift in Sources */,
				0A475DC724EC73FB00FED812 /* MobileDataListViewModel.swift in Sources */,
			);
			runOnlyForDeploymentPostprocessing = 0;
		};
		0A7DF35B24EC473100680E45 /* Sources */ = {
			isa = PBXSourcesBuildPhase;
			buildActionMask = 2147483647;
			files = (
				0A7DF36424EC473100680E45 /* MobileDataRecorderTests.swift in Sources */,
			);
			runOnlyForDeploymentPostprocessing = 0;
		};
		0A7DF36624EC473100680E45 /* Sources */ = {
			isa = PBXSourcesBuildPhase;
			buildActionMask = 2147483647;
			files = (
				0A7DF36F24EC473100680E45 /* MobileDataRecorderUITests.swift in Sources */,
			);
			runOnlyForDeploymentPostprocessing = 0;
		};
/* End PBXSourcesBuildPhase section */

/* Begin PBXTargetDependency section */
		0A7DF36124EC473100680E45 /* PBXTargetDependency */ = {
			isa = PBXTargetDependency;
			target = 0A7DF34824EC472D00680E45 /* MobileDataRecorder */;
			targetProxy = 0A7DF36024EC473100680E45 /* PBXContainerItemProxy */;
		};
		0A7DF36C24EC473100680E45 /* PBXTargetDependency */ = {
			isa = PBXTargetDependency;
			target = 0A7DF34824EC472D00680E45 /* MobileDataRecorder */;
			targetProxy = 0A7DF36B24EC473100680E45 /* PBXContainerItemProxy */;
		};
/* End PBXTargetDependency section */

/* Begin PBXVariantGroup section */
		0A7DF35224EC472D00680E45 /* Main.storyboard */ = {
			isa = PBXVariantGroup;
			children = (
				0A7DF35324EC472D00680E45 /* Base */,
			);
			name = Main.storyboard;
			sourceTree = "<group>";
		};
		0A7DF35724EC473100680E45 /* LaunchScreen.storyboard */ = {
			isa = PBXVariantGroup;
			children = (
				0A7DF35824EC473100680E45 /* Base */,
			);
			name = LaunchScreen.storyboard;
			sourceTree = "<group>";
		};
/* End PBXVariantGroup section */

/* Begin XCBuildConfiguration section */
		0A7DF37124EC473100680E45 /* Debug */ = {
			isa = XCBuildConfiguration;
			buildSettings = {
				ALWAYS_SEARCH_USER_PATHS = NO;
				CLANG_ANALYZER_NONNULL = YES;
				CLANG_ANALYZER_NUMBER_OBJECT_CONVERSION = YES_AGGRESSIVE;
				CLANG_CXX_LANGUAGE_STANDARD = "gnu++14";
				CLANG_CXX_LIBRARY = "libc++";
				CLANG_ENABLE_MODULES = YES;
				CLANG_ENABLE_OBJC_ARC = YES;
				CLANG_ENABLE_OBJC_WEAK = YES;
				CLANG_WARN_BLOCK_CAPTURE_AUTORELEASING = YES;
				CLANG_WARN_BOOL_CONVERSION = YES;
				CLANG_WARN_COMMA = YES;
				CLANG_WARN_CONSTANT_CONVERSION = YES;
				CLANG_WARN_DEPRECATED_OBJC_IMPLEMENTATIONS = YES;
				CLANG_WARN_DIRECT_OBJC_ISA_USAGE = YES_ERROR;
				CLANG_WARN_DOCUMENTATION_COMMENTS = YES;
				CLANG_WARN_EMPTY_BODY = YES;
				CLANG_WARN_ENUM_CONVERSION = YES;
				CLANG_WARN_INFINITE_RECURSION = YES;
				CLANG_WARN_INT_CONVERSION = YES;
				CLANG_WARN_NON_LITERAL_NULL_CONVERSION = YES;
				CLANG_WARN_OBJC_IMPLICIT_RETAIN_SELF = YES;
				CLANG_WARN_OBJC_LITERAL_CONVERSION = YES;
				CLANG_WARN_OBJC_ROOT_CLASS = YES_ERROR;
				CLANG_WARN_RANGE_LOOP_ANALYSIS = YES;
				CLANG_WARN_STRICT_PROTOTYPES = YES;
				CLANG_WARN_SUSPICIOUS_MOVE = YES;
				CLANG_WARN_UNGUARDED_AVAILABILITY = YES_AGGRESSIVE;
				CLANG_WARN_UNREACHABLE_CODE = YES;
				CLANG_WARN__DUPLICATE_METHOD_MATCH = YES;
				COPY_PHASE_STRIP = NO;
				DEBUG_INFORMATION_FORMAT = dwarf;
				ENABLE_STRICT_OBJC_MSGSEND = YES;
				ENABLE_TESTABILITY = YES;
				GCC_C_LANGUAGE_STANDARD = gnu11;
				GCC_DYNAMIC_NO_PIC = NO;
				GCC_NO_COMMON_BLOCKS = YES;
				GCC_OPTIMIZATION_LEVEL = 0;
				GCC_PREPROCESSOR_DEFINITIONS = (
					"DEBUG=1",
					"$(inherited)",
				);
				GCC_WARN_64_TO_32_BIT_CONVERSION = YES;
				GCC_WARN_ABOUT_RETURN_TYPE = YES_ERROR;
				GCC_WARN_UNDECLARED_SELECTOR = YES;
				GCC_WARN_UNINITIALIZED_AUTOS = YES_AGGRESSIVE;
				GCC_WARN_UNUSED_FUNCTION = YES;
				GCC_WARN_UNUSED_VARIABLE = YES;
				IPHONEOS_DEPLOYMENT_TARGET = 13.2;
				MTL_ENABLE_DEBUG_INFO = INCLUDE_SOURCE;
				MTL_FAST_MATH = YES;
				ONLY_ACTIVE_ARCH = YES;
				SDKROOT = iphoneos;
				SWIFT_ACTIVE_COMPILATION_CONDITIONS = DEBUG;
				SWIFT_OPTIMIZATION_LEVEL = "-Onone";
			};
			name = Debug;
		};
		0A7DF37224EC473100680E45 /* Release */ = {
			isa = XCBuildConfiguration;
			buildSettings = {
				ALWAYS_SEARCH_USER_PATHS = NO;
				CLANG_ANALYZER_NONNULL = YES;
				CLANG_ANALYZER_NUMBER_OBJECT_CONVERSION = YES_AGGRESSIVE;
				CLANG_CXX_LANGUAGE_STANDARD = "gnu++14";
				CLANG_CXX_LIBRARY = "libc++";
				CLANG_ENABLE_MODULES = YES;
				CLANG_ENABLE_OBJC_ARC = YES;
				CLANG_ENABLE_OBJC_WEAK = YES;
				CLANG_WARN_BLOCK_CAPTURE_AUTORELEASING = YES;
				CLANG_WARN_BOOL_CONVERSION = YES;
				CLANG_WARN_COMMA = YES;
				CLANG_WARN_CONSTANT_CONVERSION = YES;
				CLANG_WARN_DEPRECATED_OBJC_IMPLEMENTATIONS = YES;
				CLANG_WARN_DIRECT_OBJC_ISA_USAGE = YES_ERROR;
				CLANG_WARN_DOCUMENTATION_COMMENTS = YES;
				CLANG_WARN_EMPTY_BODY = YES;
				CLANG_WARN_ENUM_CONVERSION = YES;
				CLANG_WARN_INFINITE_RECURSION = YES;
				CLANG_WARN_INT_CONVERSION = YES;
				CLANG_WARN_NON_LITERAL_NULL_CONVERSION = YES;
				CLANG_WARN_OBJC_IMPLICIT_RETAIN_SELF = YES;
				CLANG_WARN_OBJC_LITERAL_CONVERSION = YES;
				CLANG_WARN_OBJC_ROOT_CLASS = YES_ERROR;
				CLANG_WARN_RANGE_LOOP_ANALYSIS = YES;
				CLANG_WARN_STRICT_PROTOTYPES = YES;
				CLANG_WARN_SUSPICIOUS_MOVE = YES;
				CLANG_WARN_UNGUARDED_AVAILABILITY = YES_AGGRESSIVE;
				CLANG_WARN_UNREACHABLE_CODE = YES;
				CLANG_WARN__DUPLICATE_METHOD_MATCH = YES;
				COPY_PHASE_STRIP = NO;
				DEBUG_INFORMATION_FORMAT = "dwarf-with-dsym";
				ENABLE_NS_ASSERTIONS = NO;
				ENABLE_STRICT_OBJC_MSGSEND = YES;
				GCC_C_LANGUAGE_STANDARD = gnu11;
				GCC_NO_COMMON_BLOCKS = YES;
				GCC_WARN_64_TO_32_BIT_CONVERSION = YES;
				GCC_WARN_ABOUT_RETURN_TYPE = YES_ERROR;
				GCC_WARN_UNDECLARED_SELECTOR = YES;
				GCC_WARN_UNINITIALIZED_AUTOS = YES_AGGRESSIVE;
				GCC_WARN_UNUSED_FUNCTION = YES;
				GCC_WARN_UNUSED_VARIABLE = YES;
				IPHONEOS_DEPLOYMENT_TARGET = 13.2;
				MTL_ENABLE_DEBUG_INFO = NO;
				MTL_FAST_MATH = YES;
				SDKROOT = iphoneos;
				SWIFT_COMPILATION_MODE = wholemodule;
				SWIFT_OPTIMIZATION_LEVEL = "-O";
				VALIDATE_PRODUCT = YES;
			};
			name = Release;
		};
		0A7DF37424EC473100680E45 /* Debug */ = {
			isa = XCBuildConfiguration;
			baseConfigurationReference = 0272BED64D9F3BE4A94DC53E /* Pods-MobileDataRecorder.debug.xcconfig */;
			buildSettings = {
				ASSETCATALOG_COMPILER_APPICON_NAME = AppIcon;
				CODE_SIGN_STYLE = Automatic;
				DEVELOPMENT_TEAM = 853M757W8Y;
				INFOPLIST_FILE = MobileDataRecorder/Info.plist;
				IPHONEOS_DEPLOYMENT_TARGET = 12.1;
				LD_RUNPATH_SEARCH_PATHS = (
					"$(inherited)",
					"@executable_path/Frameworks",
				);
				PRODUCT_BUNDLE_IDENTIFIER = perennial.MobileDataRecorder;
				PRODUCT_NAME = "$(TARGET_NAME)";
				SWIFT_VERSION = 5.0;
				TARGETED_DEVICE_FAMILY = "1,2";
			};
			name = Debug;
		};
		0A7DF37524EC473100680E45 /* Release */ = {
			isa = XCBuildConfiguration;
			baseConfigurationReference = ADA19CFEB99F15599EF64655 /* Pods-MobileDataRecorder.release.xcconfig */;
			buildSettings = {
				ASSETCATALOG_COMPILER_APPICON_NAME = AppIcon;
				CODE_SIGN_STYLE = Automatic;
				DEVELOPMENT_TEAM = 853M757W8Y;
				INFOPLIST_FILE = MobileDataRecorder/Info.plist;
				IPHONEOS_DEPLOYMENT_TARGET = 12.1;
				LD_RUNPATH_SEARCH_PATHS = (
					"$(inherited)",
					"@executable_path/Frameworks",
				);
				PRODUCT_BUNDLE_IDENTIFIER = perennial.MobileDataRecorder;
				PRODUCT_NAME = "$(TARGET_NAME)";
				SWIFT_VERSION = 5.0;
				TARGETED_DEVICE_FAMILY = "1,2";
			};
			name = Release;
		};
		0A7DF37724EC473100680E45 /* Debug */ = {
			isa = XCBuildConfiguration;
			baseConfigurationReference = 37668BDDCA02D91DEE5A71EE /* Pods-MobileDataRecorderTests.debug.xcconfig */;
			buildSettings = {
				ALWAYS_EMBED_SWIFT_STANDARD_LIBRARIES = YES;
				BUNDLE_LOADER = "$(TEST_HOST)";
				CODE_SIGN_STYLE = Automatic;
				DEVELOPMENT_TEAM = 853M757W8Y;
				INFOPLIST_FILE = MobileDataRecorderTests/Info.plist;
				IPHONEOS_DEPLOYMENT_TARGET = 13.2;
				LD_RUNPATH_SEARCH_PATHS = (
					"$(inherited)",
					"@executable_path/Frameworks",
					"@loader_path/Frameworks",
				);
				PRODUCT_BUNDLE_IDENTIFIER = perennial.MobileDataRecorderTests;
				PRODUCT_NAME = "$(TARGET_NAME)";
				SWIFT_VERSION = 5.0;
				TARGETED_DEVICE_FAMILY = "1,2";
				TEST_HOST = "$(BUILT_PRODUCTS_DIR)/MobileDataRecorder.app/MobileDataRecorder";
			};
			name = Debug;
		};
		0A7DF37824EC473100680E45 /* Release */ = {
			isa = XCBuildConfiguration;
			baseConfigurationReference = 35D2673CB3F6A93C63CD8E91 /* Pods-MobileDataRecorderTests.release.xcconfig */;
			buildSettings = {
				ALWAYS_EMBED_SWIFT_STANDARD_LIBRARIES = YES;
				BUNDLE_LOADER = "$(TEST_HOST)";
				CODE_SIGN_STYLE = Automatic;
				DEVELOPMENT_TEAM = 853M757W8Y;
				INFOPLIST_FILE = MobileDataRecorderTests/Info.plist;
				IPHONEOS_DEPLOYMENT_TARGET = 13.2;
				LD_RUNPATH_SEARCH_PATHS = (
					"$(inherited)",
					"@executable_path/Frameworks",
					"@loader_path/Frameworks",
				);
				PRODUCT_BUNDLE_IDENTIFIER = perennial.MobileDataRecorderTests;
				PRODUCT_NAME = "$(TARGET_NAME)";
				SWIFT_VERSION = 5.0;
				TARGETED_DEVICE_FAMILY = "1,2";
				TEST_HOST = "$(BUILT_PRODUCTS_DIR)/MobileDataRecorder.app/MobileDataRecorder";
			};
			name = Release;
		};
		0A7DF37A24EC473100680E45 /* Debug */ = {
			isa = XCBuildConfiguration;
			baseConfigurationReference = 86DC76F807132050909AA4BA /* Pods-MobileDataRecorder-MobileDataRecorderUITests.debug.xcconfig */;
			buildSettings = {
				ALWAYS_EMBED_SWIFT_STANDARD_LIBRARIES = YES;
				CODE_SIGN_STYLE = Automatic;
				DEVELOPMENT_TEAM = 853M757W8Y;
				INFOPLIST_FILE = MobileDataRecorderUITests/Info.plist;
				LD_RUNPATH_SEARCH_PATHS = (
					"$(inherited)",
					"@executable_path/Frameworks",
					"@loader_path/Frameworks",
				);
				PRODUCT_BUNDLE_IDENTIFIER = perennial.MobileDataRecorderUITests;
				PRODUCT_NAME = "$(TARGET_NAME)";
				SWIFT_VERSION = 5.0;
				TARGETED_DEVICE_FAMILY = "1,2";
				TEST_TARGET_NAME = MobileDataRecorder;
			};
			name = Debug;
		};
		0A7DF37B24EC473100680E45 /* Release */ = {
			isa = XCBuildConfiguration;
			baseConfigurationReference = 4798CD27F1481846531B03AA /* Pods-MobileDataRecorder-MobileDataRecorderUITests.release.xcconfig */;
			buildSettings = {
				ALWAYS_EMBED_SWIFT_STANDARD_LIBRARIES = YES;
				CODE_SIGN_STYLE = Automatic;
				DEVELOPMENT_TEAM = 853M757W8Y;
				INFOPLIST_FILE = MobileDataRecorderUITests/Info.plist;
				LD_RUNPATH_SEARCH_PATHS = (
					"$(inherited)",
					"@executable_path/Frameworks",
					"@loader_path/Frameworks",
				);
				PRODUCT_BUNDLE_IDENTIFIER = perennial.MobileDataRecorderUITests;
				PRODUCT_NAME = "$(TARGET_NAME)";
				SWIFT_VERSION = 5.0;
				TARGETED_DEVICE_FAMILY = "1,2";
				TEST_TARGET_NAME = MobileDataRecorder;
			};
			name = Release;
		};
/* End XCBuildConfiguration section */

/* Begin XCConfigurationList section */
		0A7DF34424EC472D00680E45 /* Build configuration list for PBXProject "MobileDataRecorder" */ = {
			isa = XCConfigurationList;
			buildConfigurations = (
				0A7DF37124EC473100680E45 /* Debug */,
				0A7DF37224EC473100680E45 /* Release */,
			);
			defaultConfigurationIsVisible = 0;
			defaultConfigurationName = Release;
		};
		0A7DF37324EC473100680E45 /* Build configuration list for PBXNativeTarget "MobileDataRecorder" */ = {
			isa = XCConfigurationList;
			buildConfigurations = (
				0A7DF37424EC473100680E45 /* Debug */,
				0A7DF37524EC473100680E45 /* Release */,
			);
			defaultConfigurationIsVisible = 0;
			defaultConfigurationName = Release;
		};
		0A7DF37624EC473100680E45 /* Build configuration list for PBXNativeTarget "MobileDataRecorderTests" */ = {
			isa = XCConfigurationList;
			buildConfigurations = (
				0A7DF37724EC473100680E45 /* Debug */,
				0A7DF37824EC473100680E45 /* Release */,
			);
			defaultConfigurationIsVisible = 0;
			defaultConfigurationName = Release;
		};
		0A7DF37924EC473100680E45 /* Build configuration list for PBXNativeTarget "MobileDataRecorderUITests" */ = {
			isa = XCConfigurationList;
			buildConfigurations = (
				0A7DF37A24EC473100680E45 /* Debug */,
				0A7DF37B24EC473100680E45 /* Release */,
			);
			defaultConfigurationIsVisible = 0;
			defaultConfigurationName = Release;
		};
/* End XCConfigurationList section */
	};
	rootObject = 0A7DF34124EC472D00680E45 /* Project object */;
}
