PODS:
  - Alamofire (5.2.2)
  - MBProgressHUD (1.2.0)
  - Realm (5.3.4):
    - Realm/Headers (= 5.3.4)
  - Realm/Headers (5.3.4)
  - RealmSwift (5.3.4):
    - Realm (= 5.3.4)
  - TTGSnackbar (1.10.3)

DEPENDENCIES:
  - Alamofire (~> 5.2)
  - MBProgressHUD
  - RealmSwift
  - TTGSnackbar

SPEC REPOS:
  trunk:
    - Alamofire
    - MBProgressHUD
    - Realm
    - RealmSwift
    - TTGSnackbar

SPEC CHECKSUMS:
  Alamofire: 814429acc853c6c54ff123fc3d2ef66803823ce0
  MBProgressHUD: 3ee5efcc380f6a79a7cc9b363dd669c5e1ae7406
  Realm: 4dd457b6ed025041cf7efe05dae78c027ba842e0
  RealmSwift: 233af88fffe05ed7f9305eecef100d477c0c2c42
  TTGSnackbar: 97c033600de8a9c8f4a093f25a08543a03946bcc

PODFILE CHECKSUM: b42cee6cde3abe71f38816d62001390c35358913

COCOAPODS: 1.8.4
